
Microsoft Visual Studio Solution File, Format Version 12.00
# Visual Studio Version 16
VisualStudioVersion = 16.0.31515.178
MinimumVisualStudioVersion = 10.0.40219.1
Project("{2150E333-8FDC-42A3-9474-1A3956D46DE8}") = "src", "src", "{9312CB64-A3EF-41C3-8047-CD900875818C}"
EndProject
Project("{2150E333-8FDC-42A3-9474-1A3956D46DE8}") = "Solution Items", "Solution Items", "{0DEEE7E1-A702-42F0-A069-901F85E03BAA}"
	ProjectSection(SolutionItems) = preProject
		ServiceUrls.txt = ServiceUrls.txt
	EndProjectSection
EndProject
Project("{2150E333-8FDC-42A3-9474-1A3956D46DE8}") = "ApiGateways", "ApiGateways", "{9B66BC5D-823A-4C9D-A1AE-501EC9CB62CA}"
EndProject
Project("{2150E333-8FDC-42A3-9474-1A3956D46DE8}") = "BuildingBlocks", "BuildingBlocks", "{11BF4065-304A-48F0-80C4-21A870FFB6DF}"
EndProject
Project("{2150E333-8FDC-42A3-9474-1A3956D46DE8}") = "Services", "Services", "{6E0F8DCA-0342-40A5-9A32-6690245267D2}"
EndProject
Project("{2150E333-8FDC-42A3-9474-1A3956D46DE8}") = "Clients", "Clients", "{DC53B90B-781C-45EF-B9AA-216DE26855C9}"
EndProject
Project("{2150E333-8FDC-42A3-9474-1A3956D46DE8}") = "WebApiGateway", "WebApiGateway", "{2AE1D3D7-69A6-4699-8529-51E14E2188F2}"
EndProject
Project("{FAE04EC0-301F-11D3-BF4B-00C04F79EFBC}") = "Web.ApiGateway", "src\ApiGateways\WebApiGateway\Web.ApiGateway\Web.ApiGateway.csproj", "{AB350E69-70A3-4889-842C-E935C5898468}"
EndProject
Project("{2150E333-8FDC-42A3-9474-1A3956D46DE8}") = "EventBus", "EventBus", "{15B1DC09-A9D8-481C-B8DF-C213E40ECCBA}"
EndProject
Project("{FAE04EC0-301F-11D3-BF4B-00C04F79EFBC}") = "EventBus.Base", "src\BuildingBlocks\EventBus\EventBus.Base\EventBus.Base.csproj", "{670B66B0-D9A9-4D14-8460-1D22883BCA71}"
EndProject
Project("{FAE04EC0-301F-11D3-BF4B-00C04F79EFBC}") = "EventBus.Factory", "src\BuildingBlocks\EventBus\EventBus.Factory\EventBus.Factory.csproj", "{EFB4A59E-D1B7-4C0D-BE48-FDBE20C9DD67}"
EndProject
Project("{FAE04EC0-301F-11D3-BF4B-00C04F79EFBC}") = "EventBus.AzureServiceBus", "src\BuildingBlocks\EventBus\EventBus.AzureServiceBus\EventBus.AzureServiceBus.csproj", "{47EBCF77-24AE-4274-A6AD-62C97A092A8C}"
EndProject
Project("{FAE04EC0-301F-11D3-BF4B-00C04F79EFBC}") = "EventBus.RabbitMQ", "src\BuildingBlocks\EventBus\EventBus.RabbitMQ\EventBus.RabbitMQ.csproj", "{631FA503-E006-458B-83F9-111B826C8391}"
EndProject
Project("{2150E333-8FDC-42A3-9474-1A3956D46DE8}") = "BlazorWebApp", "BlazorWebApp", "{E9A57491-5C9A-4F1C-8A14-0DC174580AC2}"
EndProject
Project("{FAE04EC0-301F-11D3-BF4B-00C04F79EFBC}") = "WebApp", "src\Clients\BlazorWebApp\WebApp\WebApp.csproj", "{039964E7-6DC5-4E78-B194-D61912429896}"
EndProject
Project("{2150E333-8FDC-42A3-9474-1A3956D46DE8}") = "BasketService", "BasketService", "{2C36281F-68C3-44B7-92F8-26F9A9584B26}"
EndProject
Project("{FAE04EC0-301F-11D3-BF4B-00C04F79EFBC}") = "BasketService.Api", "src\Services\BasketService\BasketService.Api\BasketService.Api.csproj", "{D62EFE07-D45B-4F03-A744-FEBEF4CBED05}"
EndProject
Project("{2150E333-8FDC-42A3-9474-1A3956D46DE8}") = "CatalogService", "CatalogService", "{86C2C305-7B44-4B39-A686-61022A1A308D}"
EndProject
Project("{FAE04EC0-301F-11D3-BF4B-00C04F79EFBC}") = "CatalogService.Api", "src\Services\CatalogService\CatalogService.Api\CatalogService.Api.csproj", "{1E9EDC89-6A02-41C2-AB2C-4E5648734881}"
EndProject
Project("{2150E333-8FDC-42A3-9474-1A3956D46DE8}") = "IdentityService", "IdentityService", "{DDE6EBCB-C683-4724-868D-5E72F7C99823}"
EndProject
Project("{FAE04EC0-301F-11D3-BF4B-00C04F79EFBC}") = "IdentityService.Api", "src\Services\IdentityService\IdentityService.Api\IdentityService.Api.csproj", "{2892C9B3-E459-434F-AA5C-B94C8EE255C7}"
EndProject
Project("{2150E333-8FDC-42A3-9474-1A3956D46DE8}") = "NotificationService", "NotificationService", "{FB0952B8-648D-4B9C-B701-5998F16B0595}"
EndProject
Project("{FAE04EC0-301F-11D3-BF4B-00C04F79EFBC}") = "NotificationService", "src\Services\NotificationService\NotificationService\NotificationService.csproj", "{BDE1DEDF-8D54-42A4-AF56-E8071121DE00}"
EndProject
Project("{2150E333-8FDC-42A3-9474-1A3956D46DE8}") = "OrderService", "OrderService", "{9F2463C6-B2E8-4A8F-A715-3E57CF0D04AD}"
EndProject
Project("{FAE04EC0-301F-11D3-BF4B-00C04F79EFBC}") = "OrderService.Domain", "src\Services\OrderService\OrderService.Domain\OrderService.Domain.csproj", "{EF693B7A-B17C-4EF0-B689-5CE4F6F7F001}"
EndProject
Project("{FAE04EC0-301F-11D3-BF4B-00C04F79EFBC}") = "OrderService.Application", "src\Services\OrderService\OrderService.Application\OrderService.Application.csproj", "{65659F9C-6AA6-4283-80CF-14F91BC271A7}"
EndProject
Project("{FAE04EC0-301F-11D3-BF4B-00C04F79EFBC}") = "OrderService.Infrastructure", "src\Services\OrderService\OrderService.Infrastructure\OrderService.Infrastructure.csproj", "{AC34A05A-80B0-4860-8D0D-E79BF5235016}"
EndProject
Project("{FAE04EC0-301F-11D3-BF4B-00C04F79EFBC}") = "OrderService.Api", "src\Services\OrderService\OrderService.Api\OrderService.Api.csproj", "{20E64D91-14CC-4B89-8929-32B704E41755}"
EndProject
Project("{2150E333-8FDC-42A3-9474-1A3956D46DE8}") = "PaymentService", "PaymentService", "{4E4841CC-4387-4B4F-8910-B66E7D02E847}"
EndProject
Project("{FAE04EC0-301F-11D3-BF4B-00C04F79EFBC}") = "PaymentService.Api", "src\Services\PaymentService\PaymentService.Api\PaymentService.Api.csproj", "{DD2C0B66-EA25-480C-8156-496D2F532978}"
EndProject
Global
	GlobalSection(SolutionConfigurationPlatforms) = preSolution
		Debug|Any CPU = Debug|Any CPU
		Release|Any CPU = Release|Any CPU
	EndGlobalSection
	GlobalSection(ProjectConfigurationPlatforms) = postSolution
		{AB350E69-70A3-4889-842C-E935C5898468}.Debug|Any CPU.ActiveCfg = Debug|Any CPU
		{AB350E69-70A3-4889-842C-E935C5898468}.Debug|Any CPU.Build.0 = Debug|Any CPU
		{AB350E69-70A3-4889-842C-E935C5898468}.Release|Any CPU.ActiveCfg = Release|Any CPU
		{AB350E69-70A3-4889-842C-E935C5898468}.Release|Any CPU.Build.0 = Release|Any CPU
		{670B66B0-D9A9-4D14-8460-1D22883BCA71}.Debug|Any CPU.ActiveCfg = Debug|Any CPU
		{670B66B0-D9A9-4D14-8460-1D22883BCA71}.Debug|Any CPU.Build.0 = Debug|Any CPU
		{670B66B0-D9A9-4D14-8460-1D22883BCA71}.Release|Any CPU.ActiveCfg = Release|Any CPU
		{670B66B0-D9A9-4D14-8460-1D22883BCA71}.Release|Any CPU.Build.0 = Release|Any CPU
		{EFB4A59E-D1B7-4C0D-BE48-FDBE20C9DD67}.Debug|Any CPU.ActiveCfg = Debug|Any CPU
		{EFB4A59E-D1B7-4C0D-BE48-FDBE20C9DD67}.Debug|Any CPU.Build.0 = Debug|Any CPU
		{EFB4A59E-D1B7-4C0D-BE48-FDBE20C9DD67}.Release|Any CPU.ActiveCfg = Release|Any CPU
		{EFB4A59E-D1B7-4C0D-BE48-FDBE20C9DD67}.Release|Any CPU.Build.0 = Release|Any CPU
		{47EBCF77-24AE-4274-A6AD-62C97A092A8C}.Debug|Any CPU.ActiveCfg = Debug|Any CPU
		{47EBCF77-24AE-4274-A6AD-62C97A092A8C}.Debug|Any CPU.Build.0 = Debug|Any CPU
		{47EBCF77-24AE-4274-A6AD-62C97A092A8C}.Release|Any CPU.ActiveCfg = Release|Any CPU
		{47EBCF77-24AE-4274-A6AD-62C97A092A8C}.Release|Any CPU.Build.0 = Release|Any CPU
		{631FA503-E006-458B-83F9-111B826C8391}.Debug|Any CPU.ActiveCfg = Debug|Any CPU
		{631FA503-E006-458B-83F9-111B826C8391}.Debug|Any CPU.Build.0 = Debug|Any CPU
		{631FA503-E006-458B-83F9-111B826C8391}.Release|Any CPU.ActiveCfg = Release|Any CPU
		{631FA503-E006-458B-83F9-111B826C8391}.Release|Any CPU.Build.0 = Release|Any CPU
		{039964E7-6DC5-4E78-B194-D61912429896}.Debug|Any CPU.ActiveCfg = Debug|Any CPU
		{039964E7-6DC5-4E78-B194-D61912429896}.Debug|Any CPU.Build.0 = Debug|Any CPU
		{039964E7-6DC5-4E78-B194-D61912429896}.Release|Any CPU.ActiveCfg = Release|Any CPU
		{039964E7-6DC5-4E78-B194-D61912429896}.Release|Any CPU.Build.0 = Release|Any CPU
		{D62EFE07-D45B-4F03-A744-FEBEF4CBED05}.Debug|Any CPU.ActiveCfg = Debug|Any CPU
		{D62EFE07-D45B-4F03-A744-FEBEF4CBED05}.Debug|Any CPU.Build.0 = Debug|Any CPU
		{D62EFE07-D45B-4F03-A744-FEBEF4CBED05}.Release|Any CPU.ActiveCfg = Release|Any CPU
		{D62EFE07-D45B-4F03-A744-FEBEF4CBED05}.Release|Any CPU.Build.0 = Release|Any CPU
		{1E9EDC89-6A02-41C2-AB2C-4E5648734881}.Debug|Any CPU.ActiveCfg = Debug|Any CPU
		{1E9EDC89-6A02-41C2-AB2C-4E5648734881}.Debug|Any CPU.Build.0 = Debug|Any CPU
		{1E9EDC89-6A02-41C2-AB2C-4E5648734881}.Release|Any CPU.ActiveCfg = Release|Any CPU
		{1E9EDC89-6A02-41C2-AB2C-4E5648734881}.Release|Any CPU.Build.0 = Release|Any CPU
		{2892C9B3-E459-434F-AA5C-B94C8EE255C7}.Debug|Any CPU.ActiveCfg = Debug|Any CPU
		{2892C9B3-E459-434F-AA5C-B94C8EE255C7}.Debug|Any CPU.Build.0 = Debug|Any CPU
		{2892C9B3-E459-434F-AA5C-B94C8EE255C7}.Release|Any CPU.ActiveCfg = Release|Any CPU
		{2892C9B3-E459-434F-AA5C-B94C8EE255C7}.Release|Any CPU.Build.0 = Release|Any CPU
		{BDE1DEDF-8D54-42A4-AF56-E8071121DE00}.Debug|Any CPU.ActiveCfg = Debug|Any CPU
		{BDE1DEDF-8D54-42A4-AF56-E8071121DE00}.Debug|Any CPU.Build.0 = Debug|Any CPU
		{BDE1DEDF-8D54-42A4-AF56-E8071121DE00}.Release|Any CPU.ActiveCfg = Release|Any CPU
		{BDE1DEDF-8D54-42A4-AF56-E8071121DE00}.Release|Any CPU.Build.0 = Release|Any CPU
		{EF693B7A-B17C-4EF0-B689-5CE4F6F7F001}.Debug|Any CPU.ActiveCfg = Debug|Any CPU
		{EF693B7A-B17C-4EF0-B689-5CE4F6F7F001}.Debug|Any CPU.Build.0 = Debug|Any CPU
		{EF693B7A-B17C-4EF0-B689-5CE4F6F7F001}.Release|Any CPU.ActiveCfg = Release|Any CPU
		{EF693B7A-B17C-4EF0-B689-5CE4F6F7F001}.Release|Any CPU.Build.0 = Release|Any CPU
		{65659F9C-6AA6-4283-80CF-14F91BC271A7}.Debug|Any CPU.ActiveCfg = Debug|Any CPU
		{65659F9C-6AA6-4283-80CF-14F91BC271A7}.Debug|Any CPU.Build.0 = Debug|Any CPU
		{65659F9C-6AA6-4283-80CF-14F91BC271A7}.Release|Any CPU.ActiveCfg = Release|Any CPU
		{65659F9C-6AA6-4283-80CF-14F91BC271A7}.Release|Any CPU.Build.0 = Release|Any CPU
		{AC34A05A-80B0-4860-8D0D-E79BF5235016}.Debug|Any CPU.ActiveCfg = Debug|Any CPU
		{AC34A05A-80B0-4860-8D0D-E79BF5235016}.Debug|Any CPU.Build.0 = Debug|Any CPU
		{AC34A05A-80B0-4860-8D0D-E79BF5235016}.Release|Any CPU.ActiveCfg = Release|Any CPU
		{AC34A05A-80B0-4860-8D0D-E79BF5235016}.Release|Any CPU.Build.0 = Release|Any CPU
		{20E64D91-14CC-4B89-8929-32B704E41755}.Debug|Any CPU.ActiveCfg = Debug|Any CPU
		{20E64D91-14CC-4B89-8929-32B704E41755}.Debug|Any CPU.Build.0 = Debug|Any CPU
		{20E64D91-14CC-4B89-8929-32B704E41755}.Release|Any CPU.ActiveCfg = Release|Any CPU
		{20E64D91-14CC-4B89-8929-32B704E41755}.Release|Any CPU.Build.0 = Release|Any CPU
		{DD2C0B66-EA25-480C-8156-496D2F532978}.Debug|Any CPU.ActiveCfg = Debug|Any CPU
		{DD2C0B66-EA25-480C-8156-496D2F532978}.Debug|Any CPU.Build.0 = Debug|Any CPU
		{DD2C0B66-EA25-480C-8156-496D2F532978}.Release|Any CPU.ActiveCfg = Release|Any CPU
		{DD2C0B66-EA25-480C-8156-496D2F532978}.Release|Any CPU.Build.0 = Release|Any CPU
	EndGlobalSection
	GlobalSection(SolutionProperties) = preSolution
		HideSolutionNode = FALSE
	EndGlobalSection
	GlobalSection(NestedProjects) = preSolution
		{9B66BC5D-823A-4C9D-A1AE-501EC9CB62CA} = {9312CB64-A3EF-41C3-8047-CD900875818C}
		{11BF4065-304A-48F0-80C4-21A870FFB6DF} = {9312CB64-A3EF-41C3-8047-CD900875818C}
		{6E0F8DCA-0342-40A5-9A32-6690245267D2} = {9312CB64-A3EF-41C3-8047-CD900875818C}
		{DC53B90B-781C-45EF-B9AA-216DE26855C9} = {9312CB64-A3EF-41C3-8047-CD900875818C}
		{2AE1D3D7-69A6-4699-8529-51E14E2188F2} = {9B66BC5D-823A-4C9D-A1AE-501EC9CB62CA}
		{AB350E69-70A3-4889-842C-E935C5898468} = {2AE1D3D7-69A6-4699-8529-51E14E2188F2}
		{15B1DC09-A9D8-481C-B8DF-C213E40ECCBA} = {11BF4065-304A-48F0-80C4-21A870FFB6DF}
		{670B66B0-D9A9-4D14-8460-1D22883BCA71} = {15B1DC09-A9D8-481C-B8DF-C213E40ECCBA}
		{EFB4A59E-D1B7-4C0D-BE48-FDBE20C9DD67} = {15B1DC09-A9D8-481C-B8DF-C213E40ECCBA}
		{47EBCF77-24AE-4274-A6AD-62C97A092A8C} = {15B1DC09-A9D8-481C-B8DF-C213E40ECCBA}
		{631FA503-E006-458B-83F9-111B826C8391} = {15B1DC09-A9D8-481C-B8DF-C213E40ECCBA}
		{E9A57491-5C9A-4F1C-8A14-0DC174580AC2} = {DC53B90B-781C-45EF-B9AA-216DE26855C9}
		{039964E7-6DC5-4E78-B194-D61912429896} = {E9A57491-5C9A-4F1C-8A14-0DC174580AC2}
		{2C36281F-68C3-44B7-92F8-26F9A9584B26} = {6E0F8DCA-0342-40A5-9A32-6690245267D2}
		{D62EFE07-D45B-4F03-A744-FEBEF4CBED05} = {2C36281F-68C3-44B7-92F8-26F9A9584B26}
		{86C2C305-7B44-4B39-A686-61022A1A308D} = {6E0F8DCA-0342-40A5-9A32-6690245267D2}
		{1E9EDC89-6A02-41C2-AB2C-4E5648734881} = {86C2C305-7B44-4B39-A686-61022A1A308D}
		{DDE6EBCB-C683-4724-868D-5E72F7C99823} = {6E0F8DCA-0342-40A5-9A32-6690245267D2}
		{2892C9B3-E459-434F-AA5C-B94C8EE255C7} = {DDE6EBCB-C683-4724-868D-5E72F7C99823}
		{FB0952B8-648D-4B9C-B701-5998F16B0595} = {6E0F8DCA-0342-40A5-9A32-6690245267D2}
		{BDE1DEDF-8D54-42A4-AF56-E8071121DE00} = {FB0952B8-648D-4B9C-B701-5998F16B0595}
		{9F2463C6-B2E8-4A8F-A715-3E57CF0D04AD} = {6E0F8DCA-0342-40A5-9A32-6690245267D2}
		{EF693B7A-B17C-4EF0-B689-5CE4F6F7F001} = {9F2463C6-B2E8-4A8F-A715-3E57CF0D04AD}
		{65659F9C-6AA6-4283-80CF-14F91BC271A7} = {9F2463C6-B2E8-4A8F-A715-3E57CF0D04AD}
		{AC34A05A-80B0-4860-8D0D-E79BF5235016} = {9F2463C6-B2E8-4A8F-A715-3E57CF0D04AD}
		{20E64D91-14CC-4B89-8929-32B704E41755} = {9F2463C6-B2E8-4A8F-A715-3E57CF0D04AD}
		{4E4841CC-4387-4B4F-8910-B66E7D02E847} = {6E0F8DCA-0342-40A5-9A32-6690245267D2}
		{DD2C0B66-EA25-480C-8156-496D2F532978} = {4E4841CC-4387-4B4F-8910-B66E7D02E847}
	EndGlobalSection
	GlobalSection(ExtensibilityGlobals) = postSolution
		SolutionGuid = {982D933A-4D87-4D8D-89BA-32EC1004AA22}
	EndGlobalSection
EndGlobal
